
Microsoft Visual Studio Solution File, Format Version 12.00
# Visual Studio Version 16
VisualStudioVersion = 16.0.29503.13
MinimumVisualStudioVersion = 10.0.40219.1
Project("{FAE04EC0-301F-11D3-BF4B-00C04F79EFBC}") = "EmployeeInformationSystem", "EmployeeInformationSystem.csproj", "{B5AE65BB-9F92-49AB-A831-66AA6FCDF349}"
EndProject
Global
	GlobalSection(SolutionConfigurationPlatforms) = preSolution
		Debug|Any CPU = Debug|Any CPU
		Release|Any CPU = Release|Any CPU
	EndGlobalSection
	GlobalSection(ProjectConfigurationPlatforms) = postSolution
		{B5AE65BB-9F92-49AB-A831-66AA6FCDF349}.Debug|Any CPU.ActiveCfg = Debug|Any CPU
		{B5AE65BB-9F92-49AB-A831-66AA6FCDF349}.Debug|Any CPU.Build.0 = Debug|Any CPU
		{B5AE65BB-9F92-49AB-A831-66AA6FCDF349}.Release|Any CPU.ActiveCfg = Release|Any CPU
		{B5AE65BB-9F92-49AB-A831-66AA6FCDF349}.Release|Any CPU.Build.0 = Release|Any CPU
	EndGlobalSection
	GlobalSection(SolutionProperties) = preSolution
		HideSolutionNode = FALSE
	EndGlobalSection
	GlobalSection(ExtensibilityGlobals) = postSolution
		SolutionGuid = {898ECB44-6A94-4F71-B97A-861BFA9D5C41}
	EndGlobalSection
EndGlobal
